
Microsoft Visual Studio Solution File, Format Version 12.00
# Visual Studio Version 17
VisualStudioVersion = 17.4.33213.308
MinimumVisualStudioVersion = 10.0.40219.1
Project("{FAE04EC0-301F-11D3-BF4B-00C04F79EFBC}") = "AngularWebAPI", "AngularWebAPI\AngularWebAPI.csproj", "{EEFFA5EC-A5F8-4550-ABA3-6A4EEF066B59}"
EndProject
Global
	GlobalSection(SolutionConfigurationPlatforms) = preSolution
		Debug|Any CPU = Debug|Any CPU
		Release|Any CPU = Release|Any CPU
	EndGlobalSection
	GlobalSection(ProjectConfigurationPlatforms) = postSolution
		{EEFFA5EC-A5F8-4550-ABA3-6A4EEF066B59}.Debug|Any CPU.ActiveCfg = Debug|Any CPU
		{EEFFA5EC-A5F8-4550-ABA3-6A4EEF066B59}.Debug|Any CPU.Build.0 = Debug|Any CPU
		{EEFFA5EC-A5F8-4550-ABA3-6A4EEF066B59}.Release|Any CPU.ActiveCfg = Release|Any CPU
		{EEFFA5EC-A5F8-4550-ABA3-6A4EEF066B59}.Release|Any CPU.Build.0 = Release|Any CPU
	EndGlobalSection
	GlobalSection(SolutionProperties) = preSolution
		HideSolutionNode = FALSE
	EndGlobalSection
	GlobalSection(ExtensibilityGlobals) = postSolution
		SolutionGuid = {D943B9C7-CC65-47BF-927B-4EAE81B9C6BD}
	EndGlobalSection
EndGlobal
